
Microsoft Visual Studio Solution File, Format Version 12.00
# Visual Studio Version 17
VisualStudioVersion = 17.7.34221.43
MinimumVisualStudioVersion = 10.0.40219.1
Project("{FAE04EC0-301F-11D3-BF4B-00C04F79EFBC}") = "DesafioRaizen", "DesafioRaizen\DesafioRaizen.csproj", "{B47CB64B-2274-4224-8E81-10CE1D9723FB}"
EndProject
Global
	GlobalSection(SolutionConfigurationPlatforms) = preSolution
		Debug|Any CPU = Debug|Any CPU
		Release|Any CPU = Release|Any CPU
	EndGlobalSection
	GlobalSection(ProjectConfigurationPlatforms) = postSolution
		{B47CB64B-2274-4224-8E81-10CE1D9723FB}.Debug|Any CPU.ActiveCfg = Debug|Any CPU
		{B47CB64B-2274-4224-8E81-10CE1D9723FB}.Debug|Any CPU.Build.0 = Debug|Any CPU
		{B47CB64B-2274-4224-8E81-10CE1D9723FB}.Release|Any CPU.ActiveCfg = Release|Any CPU
		{B47CB64B-2274-4224-8E81-10CE1D9723FB}.Release|Any CPU.Build.0 = Release|Any CPU
	EndGlobalSection
	GlobalSection(SolutionProperties) = preSolution
		HideSolutionNode = FALSE
	EndGlobalSection
	GlobalSection(ExtensibilityGlobals) = postSolution
		SolutionGuid = {8AA4AC10-98AD-4DE5-A868-E68AB9A8366D}
	EndGlobalSection
EndGlobal
